
Microsoft Visual Studio Solution File, Format Version 12.00
# Visual Studio Version 17
VisualStudioVersion = 17.1.32414.318
MinimumVisualStudioVersion = 10.0.40219.1
Project("{9A19103F-16F7-4668-BE54-9A1E7A4F7556}") = "lab6", "lab6\lab6.csproj", "{4AFC6473-40AC-498C-AA4C-3913CE10EC5A}"
EndProject
Project("{FAE04EC0-301F-11D3-BF4B-00C04F79EFBC}") = "lab1", "lab1\lab1.csproj", "{7404C011-2764-4684-9D36-5C08427F5BD8}"
EndProject
Project("{FAE04EC0-301F-11D3-BF4B-00C04F79EFBC}") = "lab2", "lab2\lab2.csproj", "{DF1AD116-5614-4C4B-8FA5-4B154EC18B7F}"
EndProject
Project("{FAE04EC0-301F-11D3-BF4B-00C04F79EFBC}") = "lab3", "lab3\lab3.csproj", "{C39F8149-A121-4191-87E0-CCCF37B3219A}"
EndProject
Project("{FAE04EC0-301F-11D3-BF4B-00C04F79EFBC}") = "lab4", "lab4\lab4.csproj", "{51FE39CB-DD69-4930-BF08-24C5CC0B7FA9}"
EndProject
Project("{FAE04EC0-301F-11D3-BF4B-00C04F79EFBC}") = "lab7", "lab7\lab7.csproj", "{5A74563E-D19E-4628-8E8B-1DAE8C7611C7}"
EndProject
Project("{FAE04EC0-301F-11D3-BF4B-00C04F79EFBC}") = "lab7_zad", "lab7_zad\lab7_zad.csproj", "{AE24CA94-3DA8-4798-8A96-43D09261D169}"
EndProject
Project("{FAE04EC0-301F-11D3-BF4B-00C04F79EFBC}") = "lab8", "lab8\lab8.csproj", "{DD088ADC-FA01-4059-8F60-C9AF8877C0CB}"
EndProject
Global
	GlobalSection(SolutionConfigurationPlatforms) = preSolution
		Debug|Any CPU = Debug|Any CPU
		Release|Any CPU = Release|Any CPU
	EndGlobalSection
	GlobalSection(ProjectConfigurationPlatforms) = postSolution
		{4AFC6473-40AC-498C-AA4C-3913CE10EC5A}.Debug|Any CPU.ActiveCfg = Debug|Any CPU
		{4AFC6473-40AC-498C-AA4C-3913CE10EC5A}.Debug|Any CPU.Build.0 = Debug|Any CPU
		{4AFC6473-40AC-498C-AA4C-3913CE10EC5A}.Release|Any CPU.ActiveCfg = Release|Any CPU
		{4AFC6473-40AC-498C-AA4C-3913CE10EC5A}.Release|Any CPU.Build.0 = Release|Any CPU
		{7404C011-2764-4684-9D36-5C08427F5BD8}.Debug|Any CPU.ActiveCfg = Debug|Any CPU
		{7404C011-2764-4684-9D36-5C08427F5BD8}.Debug|Any CPU.Build.0 = Debug|Any CPU
		{7404C011-2764-4684-9D36-5C08427F5BD8}.Release|Any CPU.ActiveCfg = Release|Any CPU
		{7404C011-2764-4684-9D36-5C08427F5BD8}.Release|Any CPU.Build.0 = Release|Any CPU
		{DF1AD116-5614-4C4B-8FA5-4B154EC18B7F}.Debug|Any CPU.ActiveCfg = Debug|Any CPU
		{DF1AD116-5614-4C4B-8FA5-4B154EC18B7F}.Debug|Any CPU.Build.0 = Debug|Any CPU
		{DF1AD116-5614-4C4B-8FA5-4B154EC18B7F}.Release|Any CPU.ActiveCfg = Release|Any CPU
		{DF1AD116-5614-4C4B-8FA5-4B154EC18B7F}.Release|Any CPU.Build.0 = Release|Any CPU
		{C39F8149-A121-4191-87E0-CCCF37B3219A}.Debug|Any CPU.ActiveCfg = Debug|Any CPU
		{C39F8149-A121-4191-87E0-CCCF37B3219A}.Debug|Any CPU.Build.0 = Debug|Any CPU
		{C39F8149-A121-4191-87E0-CCCF37B3219A}.Release|Any CPU.ActiveCfg = Release|Any CPU
		{C39F8149-A121-4191-87E0-CCCF37B3219A}.Release|Any CPU.Build.0 = Release|Any CPU
		{51FE39CB-DD69-4930-BF08-24C5CC0B7FA9}.Debug|Any CPU.ActiveCfg = Debug|Any CPU
		{51FE39CB-DD69-4930-BF08-24C5CC0B7FA9}.Debug|Any CPU.Build.0 = Debug|Any CPU
		{51FE39CB-DD69-4930-BF08-24C5CC0B7FA9}.Release|Any CPU.ActiveCfg = Release|Any CPU
		{51FE39CB-DD69-4930-BF08-24C5CC0B7FA9}.Release|Any CPU.Build.0 = Release|Any CPU
		{5A74563E-D19E-4628-8E8B-1DAE8C7611C7}.Debug|Any CPU.ActiveCfg = Debug|Any CPU
		{5A74563E-D19E-4628-8E8B-1DAE8C7611C7}.Debug|Any CPU.Build.0 = Debug|Any CPU
		{5A74563E-D19E-4628-8E8B-1DAE8C7611C7}.Release|Any CPU.ActiveCfg = Release|Any CPU
		{5A74563E-D19E-4628-8E8B-1DAE8C7611C7}.Release|Any CPU.Build.0 = Release|Any CPU
		{AE24CA94-3DA8-4798-8A96-43D09261D169}.Debug|Any CPU.ActiveCfg = Debug|Any CPU
		{AE24CA94-3DA8-4798-8A96-43D09261D169}.Debug|Any CPU.Build.0 = Debug|Any CPU
		{AE24CA94-3DA8-4798-8A96-43D09261D169}.Release|Any CPU.ActiveCfg = Release|Any CPU
		{AE24CA94-3DA8-4798-8A96-43D09261D169}.Release|Any CPU.Build.0 = Release|Any CPU
		{DD088ADC-FA01-4059-8F60-C9AF8877C0CB}.Debug|Any CPU.ActiveCfg = Debug|Any CPU
		{DD088ADC-FA01-4059-8F60-C9AF8877C0CB}.Debug|Any CPU.Build.0 = Debug|Any CPU
		{DD088ADC-FA01-4059-8F60-C9AF8877C0CB}.Release|Any CPU.ActiveCfg = Release|Any CPU
		{DD088ADC-FA01-4059-8F60-C9AF8877C0CB}.Release|Any CPU.Build.0 = Release|Any CPU
	EndGlobalSection
	GlobalSection(SolutionProperties) = preSolution
		HideSolutionNode = FALSE
	EndGlobalSection
	GlobalSection(ExtensibilityGlobals) = postSolution
		SolutionGuid = {2CB61978-E8D7-4312-96E7-7601703ACE39}
	EndGlobalSection
EndGlobal
