
Microsoft Visual Studio Solution File, Format Version 12.00
# Visual Studio Version 16
VisualStudioVersion = 16.0.31624.102
MinimumVisualStudioVersion = 10.0.40219.1
Project("{FAE04EC0-301F-11D3-BF4B-00C04F79EFBC}") = "lab1", "lab3\lab1.csproj", "{DBB1BF3D-11A7-4655-A250-107DC0C8D275}"
EndProject
Project("{9A19103F-16F7-4668-BE54-9A1E7A4F7556}") = "lab6", "lab6\lab6.csproj", "{4AFC6473-40AC-498C-AA4C-3913CE10EC5A}"
EndProject
Project("{FAE04EC0-301F-11D3-BF4B-00C04F79EFBC}") = "Lab-7", "Lab-7\Lab-7.csproj", "{A67C7459-3381-4521-8392-244D6686C9C2}"
EndProject
Project("{FAE04EC0-301F-11D3-BF4B-00C04F79EFBC}") = "lab7-zad", "lab7-zad\lab7-zad.csproj", "{F0C50947-51B1-416E-80B9-47B3B04709BF}"
EndProject
Project("{FAE04EC0-301F-11D3-BF4B-00C04F79EFBC}") = "LAb8", "LAb8\LAb8.csproj", "{568AE72B-BDB9-468C-B023-40F349BB7ACD}"
EndProject
Global
	GlobalSection(SolutionConfigurationPlatforms) = preSolution
		Debug|Any CPU = Debug|Any CPU
		Release|Any CPU = Release|Any CPU
	EndGlobalSection
	GlobalSection(ProjectConfigurationPlatforms) = postSolution
		{DBB1BF3D-11A7-4655-A250-107DC0C8D275}.Debug|Any CPU.ActiveCfg = Debug|Any CPU
		{DBB1BF3D-11A7-4655-A250-107DC0C8D275}.Debug|Any CPU.Build.0 = Debug|Any CPU
		{DBB1BF3D-11A7-4655-A250-107DC0C8D275}.Release|Any CPU.ActiveCfg = Release|Any CPU
		{DBB1BF3D-11A7-4655-A250-107DC0C8D275}.Release|Any CPU.Build.0 = Release|Any CPU
		{4AFC6473-40AC-498C-AA4C-3913CE10EC5A}.Debug|Any CPU.ActiveCfg = Debug|Any CPU
		{4AFC6473-40AC-498C-AA4C-3913CE10EC5A}.Debug|Any CPU.Build.0 = Debug|Any CPU
		{4AFC6473-40AC-498C-AA4C-3913CE10EC5A}.Release|Any CPU.ActiveCfg = Release|Any CPU
		{4AFC6473-40AC-498C-AA4C-3913CE10EC5A}.Release|Any CPU.Build.0 = Release|Any CPU
		{A67C7459-3381-4521-8392-244D6686C9C2}.Debug|Any CPU.ActiveCfg = Debug|Any CPU
		{A67C7459-3381-4521-8392-244D6686C9C2}.Debug|Any CPU.Build.0 = Debug|Any CPU
		{A67C7459-3381-4521-8392-244D6686C9C2}.Release|Any CPU.ActiveCfg = Release|Any CPU
		{A67C7459-3381-4521-8392-244D6686C9C2}.Release|Any CPU.Build.0 = Release|Any CPU
		{F0C50947-51B1-416E-80B9-47B3B04709BF}.Debug|Any CPU.ActiveCfg = Debug|Any CPU
		{F0C50947-51B1-416E-80B9-47B3B04709BF}.Debug|Any CPU.Build.0 = Debug|Any CPU
		{F0C50947-51B1-416E-80B9-47B3B04709BF}.Release|Any CPU.ActiveCfg = Release|Any CPU
		{F0C50947-51B1-416E-80B9-47B3B04709BF}.Release|Any CPU.Build.0 = Release|Any CPU
		{568AE72B-BDB9-468C-B023-40F349BB7ACD}.Debug|Any CPU.ActiveCfg = Debug|Any CPU
		{568AE72B-BDB9-468C-B023-40F349BB7ACD}.Debug|Any CPU.Build.0 = Debug|Any CPU
		{568AE72B-BDB9-468C-B023-40F349BB7ACD}.Release|Any CPU.ActiveCfg = Release|Any CPU
		{568AE72B-BDB9-468C-B023-40F349BB7ACD}.Release|Any CPU.Build.0 = Release|Any CPU
	EndGlobalSection
	GlobalSection(SolutionProperties) = preSolution
		HideSolutionNode = FALSE
	EndGlobalSection
	GlobalSection(ExtensibilityGlobals) = postSolution
		SolutionGuid = {2CB61978-E8D7-4312-96E7-7601703ACE39}
	EndGlobalSection
EndGlobal
